
Microsoft Visual Studio Solution File, Format Version 12.00
# Visual Studio Version 16
VisualStudioVersion = 16.0.29806.167
MinimumVisualStudioVersion = 10.0.40219.1
Project("{8BC9CEB8-8B4A-11D0-8D11-00A0C91BC942}") = "Test_02", "Test_02\Test_02.vcxproj", "{24605EDE-4550-41F0-B4BE-4EF3D4501FBE}"
EndProject
Global
	GlobalSection(SolutionConfigurationPlatforms) = preSolution
		Debug|x64 = Debug|x64
		Debug|x86 = Debug|x86
		Release|x64 = Release|x64
		Release|x86 = Release|x86
	EndGlobalSection
	GlobalSection(ProjectConfigurationPlatforms) = postSolution
		{24605EDE-4550-41F0-B4BE-4EF3D4501FBE}.Debug|x64.ActiveCfg = Debug|x64
		{24605EDE-4550-41F0-B4BE-4EF3D4501FBE}.Debug|x64.Build.0 = Debug|x64
		{24605EDE-4550-41F0-B4BE-4EF3D4501FBE}.Debug|x86.ActiveCfg = Debug|Win32
		{24605EDE-4550-41F0-B4BE-4EF3D4501FBE}.Debug|x86.Build.0 = Debug|Win32
		{24605EDE-4550-41F0-B4BE-4EF3D4501FBE}.Release|x64.ActiveCfg = Release|x64
		{24605EDE-4550-41F0-B4BE-4EF3D4501FBE}.Release|x64.Build.0 = Release|x64
		{24605EDE-4550-41F0-B4BE-4EF3D4501FBE}.Release|x86.ActiveCfg = Release|Win32
		{24605EDE-4550-41F0-B4BE-4EF3D4501FBE}.Release|x86.Build.0 = Release|Win32
	EndGlobalSection
	GlobalSection(SolutionProperties) = preSolution
		HideSolutionNode = FALSE
	EndGlobalSection
	GlobalSection(ExtensibilityGlobals) = postSolution
		SolutionGuid = {F14AAE08-1A88-4BFE-9EE4-C970DFB7F43F}
	EndGlobalSection
EndGlobal
