
Microsoft Visual Studio Solution File, Format Version 12.00
# Visual Studio Version 16
VisualStudioVersion = 16.0.29806.167
MinimumVisualStudioVersion = 10.0.40219.1
Project("{8BC9CEB8-8B4A-11D0-8D11-00A0C91BC942}") = "Test_04_17_通讯录", "Test_04_17_通讯录\Test_04_17_通讯录.vcxproj", "{8928EA6B-A51D-4896-9C1C-C27DC8E605B2}"
EndProject
Global
	GlobalSection(SolutionConfigurationPlatforms) = preSolution
		Debug|x64 = Debug|x64
		Debug|x86 = Debug|x86
		Release|x64 = Release|x64
		Release|x86 = Release|x86
	EndGlobalSection
	GlobalSection(ProjectConfigurationPlatforms) = postSolution
		{8928EA6B-A51D-4896-9C1C-C27DC8E605B2}.Debug|x64.ActiveCfg = Debug|x64
		{8928EA6B-A51D-4896-9C1C-C27DC8E605B2}.Debug|x64.Build.0 = Debug|x64
		{8928EA6B-A51D-4896-9C1C-C27DC8E605B2}.Debug|x86.ActiveCfg = Debug|Win32
		{8928EA6B-A51D-4896-9C1C-C27DC8E605B2}.Debug|x86.Build.0 = Debug|Win32
		{8928EA6B-A51D-4896-9C1C-C27DC8E605B2}.Release|x64.ActiveCfg = Release|x64
		{8928EA6B-A51D-4896-9C1C-C27DC8E605B2}.Release|x64.Build.0 = Release|x64
		{8928EA6B-A51D-4896-9C1C-C27DC8E605B2}.Release|x86.ActiveCfg = Release|Win32
		{8928EA6B-A51D-4896-9C1C-C27DC8E605B2}.Release|x86.Build.0 = Release|Win32
	EndGlobalSection
	GlobalSection(SolutionProperties) = preSolution
		HideSolutionNode = FALSE
	EndGlobalSection
	GlobalSection(ExtensibilityGlobals) = postSolution
		SolutionGuid = {6F73C59A-5FE3-4508-8FE1-EAB80F8002BE}
	EndGlobalSection
EndGlobal
