
Microsoft Visual Studio Solution File, Format Version 12.00
# Visual Studio Version 16
VisualStudioVersion = 16.0.29806.167
MinimumVisualStudioVersion = 10.0.40219.1
Project("{8BC9CEB8-8B4A-11D0-8D11-00A0C91BC942}") = "Test_04_19_File-reading-and-writing", "Test_04_19_File-reading-and-writing\Test_04_19_File-reading-and-writing.vcxproj", "{BC9DD898-AB0D-4FC6-A504-B0584ED2868C}"
EndProject
Global
	GlobalSection(SolutionConfigurationPlatforms) = preSolution
		Debug|x64 = Debug|x64
		Debug|x86 = Debug|x86
		Release|x64 = Release|x64
		Release|x86 = Release|x86
	EndGlobalSection
	GlobalSection(ProjectConfigurationPlatforms) = postSolution
		{BC9DD898-AB0D-4FC6-A504-B0584ED2868C}.Debug|x64.ActiveCfg = Debug|x64
		{BC9DD898-AB0D-4FC6-A504-B0584ED2868C}.Debug|x64.Build.0 = Debug|x64
		{BC9DD898-AB0D-4FC6-A504-B0584ED2868C}.Debug|x86.ActiveCfg = Debug|Win32
		{BC9DD898-AB0D-4FC6-A504-B0584ED2868C}.Debug|x86.Build.0 = Debug|Win32
		{BC9DD898-AB0D-4FC6-A504-B0584ED2868C}.Release|x64.ActiveCfg = Release|x64
		{BC9DD898-AB0D-4FC6-A504-B0584ED2868C}.Release|x64.Build.0 = Release|x64
		{BC9DD898-AB0D-4FC6-A504-B0584ED2868C}.Release|x86.ActiveCfg = Release|Win32
		{BC9DD898-AB0D-4FC6-A504-B0584ED2868C}.Release|x86.Build.0 = Release|Win32
	EndGlobalSection
	GlobalSection(SolutionProperties) = preSolution
		HideSolutionNode = FALSE
	EndGlobalSection
	GlobalSection(ExtensibilityGlobals) = postSolution
		SolutionGuid = {D53BA5A6-6EB3-46E6-AB3B-D434D281D8B0}
	EndGlobalSection
EndGlobal
