
Microsoft Visual Studio Solution File, Format Version 12.00
# Visual Studio Version 16
VisualStudioVersion = 16.0.29806.167
MinimumVisualStudioVersion = 10.0.40219.1
Project("{8BC9CEB8-8B4A-11D0-8D11-00A0C91BC942}") = "Test_03_判闰年以及求每月多少天", "Test_03_判闰年以及求每月多少天\Test_03_判闰年以及求每月多少天.vcxproj", "{41D62BDA-E794-450A-B0A7-F1578DEF911D}"
EndProject
Global
	GlobalSection(SolutionConfigurationPlatforms) = preSolution
		Debug|x64 = Debug|x64
		Debug|x86 = Debug|x86
		Release|x64 = Release|x64
		Release|x86 = Release|x86
	EndGlobalSection
	GlobalSection(ProjectConfigurationPlatforms) = postSolution
		{41D62BDA-E794-450A-B0A7-F1578DEF911D}.Debug|x64.ActiveCfg = Debug|x64
		{41D62BDA-E794-450A-B0A7-F1578DEF911D}.Debug|x64.Build.0 = Debug|x64
		{41D62BDA-E794-450A-B0A7-F1578DEF911D}.Debug|x86.ActiveCfg = Debug|Win32
		{41D62BDA-E794-450A-B0A7-F1578DEF911D}.Debug|x86.Build.0 = Debug|Win32
		{41D62BDA-E794-450A-B0A7-F1578DEF911D}.Release|x64.ActiveCfg = Release|x64
		{41D62BDA-E794-450A-B0A7-F1578DEF911D}.Release|x64.Build.0 = Release|x64
		{41D62BDA-E794-450A-B0A7-F1578DEF911D}.Release|x86.ActiveCfg = Release|Win32
		{41D62BDA-E794-450A-B0A7-F1578DEF911D}.Release|x86.Build.0 = Release|Win32
	EndGlobalSection
	GlobalSection(SolutionProperties) = preSolution
		HideSolutionNode = FALSE
	EndGlobalSection
	GlobalSection(ExtensibilityGlobals) = postSolution
		SolutionGuid = {09D21912-03C5-4201-B588-70DB416D7533}
	EndGlobalSection
EndGlobal
