
Microsoft Visual Studio Solution File, Format Version 12.00
# Visual Studio Version 16
VisualStudioVersion = 16.0.29806.167
MinimumVisualStudioVersion = 10.0.40219.1
Project("{8BC9CEB8-8B4A-11D0-8D11-00A0C91BC942}") = "Test_03_13", "Test_03_13\Test_03_13.vcxproj", "{499DA2F5-BCB2-49FD-9CB8-B1A0FFAC8CCD}"
EndProject
Global
	GlobalSection(SolutionConfigurationPlatforms) = preSolution
		Debug|x64 = Debug|x64
		Debug|x86 = Debug|x86
		Release|x64 = Release|x64
		Release|x86 = Release|x86
	EndGlobalSection
	GlobalSection(ProjectConfigurationPlatforms) = postSolution
		{499DA2F5-BCB2-49FD-9CB8-B1A0FFAC8CCD}.Debug|x64.ActiveCfg = Debug|x64
		{499DA2F5-BCB2-49FD-9CB8-B1A0FFAC8CCD}.Debug|x64.Build.0 = Debug|x64
		{499DA2F5-BCB2-49FD-9CB8-B1A0FFAC8CCD}.Debug|x86.ActiveCfg = Debug|Win32
		{499DA2F5-BCB2-49FD-9CB8-B1A0FFAC8CCD}.Debug|x86.Build.0 = Debug|Win32
		{499DA2F5-BCB2-49FD-9CB8-B1A0FFAC8CCD}.Release|x64.ActiveCfg = Release|x64
		{499DA2F5-BCB2-49FD-9CB8-B1A0FFAC8CCD}.Release|x64.Build.0 = Release|x64
		{499DA2F5-BCB2-49FD-9CB8-B1A0FFAC8CCD}.Release|x86.ActiveCfg = Release|Win32
		{499DA2F5-BCB2-49FD-9CB8-B1A0FFAC8CCD}.Release|x86.Build.0 = Release|Win32
	EndGlobalSection
	GlobalSection(SolutionProperties) = preSolution
		HideSolutionNode = FALSE
	EndGlobalSection
	GlobalSection(ExtensibilityGlobals) = postSolution
		SolutionGuid = {5C9571A3-176B-4189-9984-06DECC1190C9}
	EndGlobalSection
EndGlobal
